<?xml version="1.0" encoding="utf-8"?>
<Project ToolsVersion="4.0" xmlns="http://schemas.microsoft.com/developer/msbuild/2003">
  <ItemGroup>
    <Filter Include="Principal">
      <UniqueIdentifier>{61209a42-153c-4add-a871-ae497d92ab4a}</UniqueIdentifier>
    </Filter>
  </ItemGroup>
  <ItemGroup>
    <ClCompile Include="Source.cpp">
      <Filter>Principal</Filter>
    </ClCompile>
  </ItemGroup>
</Project>